
Microsoft Visual Studio Solution File, Format Version 12.00
# Visual Studio 15
VisualStudioVersion = 15.0.27703.2018
MinimumVisualStudioVersion = 10.0.40219.1
Project("{FAE04EC0-301F-11D3-BF4B-00C04F79EFBC}") = "Refandout", "Refandout\Refandout.csproj", "{B2D46150-9A58-4175-9F32-1E9784CB3887}"
EndProject
Global
	GlobalSection(SolutionConfigurationPlatforms) = preSolution
		Debug|Any CPU = Debug|Any CPU
		Release|Any CPU = Release|Any CPU
	EndGlobalSection
	GlobalSection(ProjectConfigurationPlatforms) = postSolution
		{B2D46150-9A58-4175-9F32-1E9784CB3887}.Debug|Any CPU.ActiveCfg = Debug|Any CPU
		{B2D46150-9A58-4175-9F32-1E9784CB3887}.Debug|Any CPU.Build.0 = Debug|Any CPU
		{B2D46150-9A58-4175-9F32-1E9784CB3887}.Release|Any CPU.ActiveCfg = Release|Any CPU
		{B2D46150-9A58-4175-9F32-1E9784CB3887}.Release|Any CPU.Build.0 = Release|Any CPU
	EndGlobalSection
	GlobalSection(SolutionProperties) = preSolution
		HideSolutionNode = FALSE
	EndGlobalSection
	GlobalSection(ExtensibilityGlobals) = postSolution
		SolutionGuid = {81A52A73-A141-4241-9CC9-5293497E89B0}
	EndGlobalSection
EndGlobal
